
Microsoft Visual Studio Solution File, Format Version 12.00
# Visual Studio 14
VisualStudioVersion = 14.0.23107.0
MinimumVisualStudioVersion = 10.0.40219.1
Project("{FAE04EC0-301F-11D3-BF4B-00C04F79EFBC}") = "PasswordManager", "PasswordManager\PasswordManager.csproj", "{C868A5FB-BD9E-4B54-AC06-7F2DA67DB090}"
EndProject
Project("{FAE04EC0-301F-11D3-BF4B-00C04F79EFBC}") = "PasswordDAL", "PasswordDAL\PasswordDAL.csproj", "{59761E46-AF28-468C-BBA6-24D192297779}"
EndProject
Project("{FAE04EC0-301F-11D3-BF4B-00C04F79EFBC}") = "PasswordBLL", "PasswordBLL\PasswordBLL.csproj", "{96B11A29-9A72-449A-BE78-72A69FCFBE94}"
EndProject
Project("{FAE04EC0-301F-11D3-BF4B-00C04F79EFBC}") = "PasswordEntity", "PasswordEntity\PasswordEntity.csproj", "{005CC14A-B191-4630-9B76-3F82CBFA0037}"
EndProject
Project("{FAE04EC0-301F-11D3-BF4B-00C04F79EFBC}") = "PasswordInterface", "PasswordInterface\PasswordInterface.csproj", "{E7D84D03-3C20-4AE7-9269-9B5B151EEA1B}"
EndProject
Project("{FAE04EC0-301F-11D3-BF4B-00C04F79EFBC}") = "PasswordCommon", "PasswordCommon\PasswordCommon.csproj", "{A536B840-B1E4-48C5-B3F8-A2393839F802}"
EndProject
Global
	GlobalSection(SolutionConfigurationPlatforms) = preSolution
		Debug|Any CPU = Debug|Any CPU
		Release|Any CPU = Release|Any CPU
	EndGlobalSection
	GlobalSection(ProjectConfigurationPlatforms) = postSolution
		{C868A5FB-BD9E-4B54-AC06-7F2DA67DB090}.Debug|Any CPU.ActiveCfg = Debug|Any CPU
		{C868A5FB-BD9E-4B54-AC06-7F2DA67DB090}.Debug|Any CPU.Build.0 = Debug|Any CPU
		{C868A5FB-BD9E-4B54-AC06-7F2DA67DB090}.Release|Any CPU.ActiveCfg = Release|Any CPU
		{C868A5FB-BD9E-4B54-AC06-7F2DA67DB090}.Release|Any CPU.Build.0 = Release|Any CPU
		{59761E46-AF28-468C-BBA6-24D192297779}.Debug|Any CPU.ActiveCfg = Debug|Any CPU
		{59761E46-AF28-468C-BBA6-24D192297779}.Debug|Any CPU.Build.0 = Debug|Any CPU
		{59761E46-AF28-468C-BBA6-24D192297779}.Release|Any CPU.ActiveCfg = Release|Any CPU
		{59761E46-AF28-468C-BBA6-24D192297779}.Release|Any CPU.Build.0 = Release|Any CPU
		{96B11A29-9A72-449A-BE78-72A69FCFBE94}.Debug|Any CPU.ActiveCfg = Debug|Any CPU
		{96B11A29-9A72-449A-BE78-72A69FCFBE94}.Debug|Any CPU.Build.0 = Debug|Any CPU
		{96B11A29-9A72-449A-BE78-72A69FCFBE94}.Release|Any CPU.ActiveCfg = Release|Any CPU
		{96B11A29-9A72-449A-BE78-72A69FCFBE94}.Release|Any CPU.Build.0 = Release|Any CPU
		{005CC14A-B191-4630-9B76-3F82CBFA0037}.Debug|Any CPU.ActiveCfg = Debug|Any CPU
		{005CC14A-B191-4630-9B76-3F82CBFA0037}.Debug|Any CPU.Build.0 = Debug|Any CPU
		{005CC14A-B191-4630-9B76-3F82CBFA0037}.Release|Any CPU.ActiveCfg = Release|Any CPU
		{005CC14A-B191-4630-9B76-3F82CBFA0037}.Release|Any CPU.Build.0 = Release|Any CPU
		{E7D84D03-3C20-4AE7-9269-9B5B151EEA1B}.Debug|Any CPU.ActiveCfg = Debug|Any CPU
		{E7D84D03-3C20-4AE7-9269-9B5B151EEA1B}.Debug|Any CPU.Build.0 = Debug|Any CPU
		{E7D84D03-3C20-4AE7-9269-9B5B151EEA1B}.Release|Any CPU.ActiveCfg = Release|Any CPU
		{E7D84D03-3C20-4AE7-9269-9B5B151EEA1B}.Release|Any CPU.Build.0 = Release|Any CPU
		{A536B840-B1E4-48C5-B3F8-A2393839F802}.Debug|Any CPU.ActiveCfg = Debug|Any CPU
		{A536B840-B1E4-48C5-B3F8-A2393839F802}.Debug|Any CPU.Build.0 = Debug|Any CPU
		{A536B840-B1E4-48C5-B3F8-A2393839F802}.Release|Any CPU.ActiveCfg = Release|Any CPU
		{A536B840-B1E4-48C5-B3F8-A2393839F802}.Release|Any CPU.Build.0 = Release|Any CPU
	EndGlobalSection
	GlobalSection(SolutionProperties) = preSolution
		HideSolutionNode = FALSE
	EndGlobalSection
EndGlobal
